// !$*UTF8*$!
{
	archiveVersion = 1;
	classes = {
	};
	objectVersion = 46;
	objects = {

/* Begin PBXBuildFile section */
		ABF728531E70962F00212912 /* AppDelegate.swift in Sources */ = {isa = PBXBuildFile; fileRef = ABF728521E70962F00212912 /* AppDelegate.swift */; };
		ABF728551E70962F00212912 /* ViewController.swift in Sources */ = {isa = PBXBuildFile; fileRef = ABF728541E70962F00212912 /* ViewController.swift */; };
		ABF728581E70962F00212912 /* Main.storyboard in Resources */ = {isa = PBXBuildFile; fileRef = ABF728561E70962F00212912 /* Main.storyboard */; };
		ABF7285A1E70962F00212912 /* Assets.xcassets in Resources */ = {isa = PBXBuildFile; fileRef = ABF728591E70962F00212912 /* Assets.xcassets */; };
		ABF7285D1E70962F00212912 /* LaunchScreen.storyboard in Resources */ = {isa = PBXBuildFile; fileRef = ABF7285B1E70962F00212912 /* LaunchScreen.storyboard */; };
/* End PBXBuildFile section */

/* Begin PBXFileReference section */
		ABF7284F1E70962F00212912 /* GroceryWithFirebase.app */ = {isa = PBXFileReference; explicitFileType = wrapper.application; includeInIndex = 0; path = GroceryWithFirebase.app; sourceTree = BUILT_PRODUCTS_DIR; };
		ABF728521E70962F00212912 /* AppDelegate.swift */ = {isa = PBXFileReference; lastKnownFileType = sourcecode.swift; path = AppDelegate.swift; sourceTree = "<group>"; };
		ABF728541E70962F00212912 /* ViewController.swift */ = {isa = PBXFileReference; lastKnownFileType = sourcecode.swift; path = ViewController.swift; sourceTree = "<group>"; };
		ABF728571E70962F00212912 /* Base */ = {isa = PBXFileReference; lastKnownFileType = file.storyboard; name = Base; path = Base.lproj/Main.storyboard; sourceTree = "<group>"; };
		ABF728591E70962F00212912 /* Assets.xcassets */ = {isa = PBXFileReference; lastKnownFileType = folder.assetcatalog; path = Assets.xcassets; sourceTree = "<group>"; };
		ABF7285C1E70962F00212912 /* Base */ = {isa = PBXFileReference; lastKnownFileType = file.storyboard; name = Base; path = Base.lproj/LaunchScreen.storyboard; sourceTree = "<group>"; };
		ABF7285E1E70962F00212912 /* Info.plist */ = {isa = PBXFileReference; lastKnownFileType = text.plist.xml; path = Info.plist; sourceTree = "<group>"; };
/* End PBXFileReference section */

/* Begin PBXFrameworksBuildPhase section */
		ABF7284C1E70962F00212912 /* Frameworks */ = {
			isa = PBXFrameworksBuildPhase;
			buildActionMask = 2147483647;
			files = (
			);
			runOnlyForDeploymentPostprocessing = 0;
		};
/* End PBXFrameworksBuildPhase section */

/* Begin PBXGroup section */
		ABF728461E70962E00212912 = {
			isa = PBXGroup;
			children = (
				ABF728511E70962F00212912 /* GroceryWithFirebase */,
				ABF728501E70962F00212912 /* Products */,
			);
			sourceTree = "<group>";
		};
		ABF728501E70962F00212912 /* Products */ = {
			isa = PBXGroup;
			children = (
				ABF7284F1E70962F00212912 /* GroceryWithFirebase.app */,
			);
			name = Products;
			sourceTree = "<group>";
		};
		ABF728511E70962F00212912 /* GroceryWithFirebase */ = {
			isa = PBXGroup;
			children = (
				ABF728521E70962F00212912 /* AppDelegate.swift */,
				ABF728541E70962F00212912 /* ViewController.swift */,
				ABF728561E70962F00212912 /* Main.storyboard */,
				ABF728591E70962F00212912 /* Assets.xcassets */,
				ABF7285B1E70962F00212912 /* LaunchScreen.storyboard */,
				ABF7285E1E70962F00212912 /* Info.plist */,
			);
			path = GroceryWithFirebase;
			sourceTree = "<group>";
		};
/* End PBXGroup section */

/* Begin PBXNativeTarget section */
		ABF7284E1E70962F00212912 /* GroceryWithFirebase */ = {
			isa = PBXNativeTarget;
			buildConfigurationList = ABF728611E70962F00212912 /* Build configuration list for PBXNativeTarget "GroceryWithFirebase" */;
			buildPhases = (
				ABF7284B1E70962F00212912 /* Sources */,
				ABF7284C1E70962F00212912 /* Frameworks */,
				ABF7284D1E70962F00212912 /* Resources */,
			);
			buildRules = (
			);
			dependencies = (
			);
			name = GroceryWithFirebase;
			productName = GroceryWithFirebase;
			productReference = ABF7284F1E70962F00212912 /* GroceryWithFirebase.app */;
			productType = "com.apple.product-type.application";
		};
/* End PBXNativeTarget section */

/* Begin PBXProject section */
		ABF728471E70962E00212912 /* Project object */ = {
			isa = PBXProject;
			attributes = {
				LastSwiftUpdateCheck = 0820;
				LastUpgradeCheck = 0820;
				ORGANIZATIONNAME = "Jonathan Edgar";
				TargetAttributes = {
					ABF7284E1E70962F00212912 = {
						CreatedOnToolsVersion = 8.2.1;
						DevelopmentTeam = JVCXTUSEZC;
						ProvisioningStyle = Automatic;
					};
				};
			};
			buildConfigurationList = ABF7284A1E70962F00212912 /* Build configuration list for PBXProject "GroceryWithFirebase" */;
			compatibilityVersion = "Xcode 3.2";
			developmentRegion = English;
			hasScannedForEncodings = 0;
			knownRegions = (
				en,
				Base,
			);
			mainGroup = ABF728461E70962E00212912;
			productRefGroup = ABF728501E70962F00212912 /* Products */;
			projectDirPath = "";
			projectRoot = "";
			targets = (
				ABF7284E1E70962F00212912 /* GroceryWithFirebase */,
			);
		};
/* End PBXProject section */

/* Begin PBXResourcesBuildPhase section */
		ABF7284D1E70962F00212912 /* Resources */ = {
			isa = PBXResourcesBuildPhase;
			buildActionMask = 2147483647;
			files = (
				ABF7285D1E70962F00212912 /* LaunchScreen.storyboard in Resources */,
				ABF7285A1E70962F00212912 /* Assets.xcassets in Resources */,
				ABF728581E70962F00212912 /* Main.storyboard in Resources */,
			);
			runOnlyForDeploymentPostprocessing = 0;
		};
/* End PBXResourcesBuildPhase section */

/* Begin PBXSourcesBuildPhase section */
		ABF7284B1E70962F00212912 /* Sources */ = {
			isa = PBXSourcesBuildPhase;
			buildActionMask = 2147483647;
			files = (
				ABF728551E70962F00212912 /* ViewController.swift in Sources */,
				ABF728531E70962F00212912 /* AppDelegate.swift in Sources */,
			);
			runOnlyForDeploymentPostprocessing = 0;
		};
/* End PBXSourcesBuildPhase section */

/* Begin PBXVariantGroup section */
		ABF728561E70962F00212912 /* Main.storyboard */ = {
			isa = PBXVariantGroup;
			children = (
				ABF728571E70962F00212912 /* Base */,
			);
			name = Main.storyboard;
			sourceTree = "<group>";
		};
		ABF7285B1E70962F00212912 /* LaunchScreen.storyboard */ = {
			isa = PBXVariantGroup;
			children = (
				ABF7285C1E70962F00212912 /* Base */,
			);
			name = LaunchScreen.storyboard;
			sourceTree = "<group>";
		};
/* End PBXVariantGroup section */

/* Begin XCBuildConfiguration section */
		ABF7285F1E70962F00212912 /* Debug */ = {
			isa = XCBuildConfiguration;
			buildSettings = {
				ALWAYS_SEARCH_USER_PATHS = NO;
				CLANG_ANALYZER_NONNULL = YES;
				CLANG_CXX_LANGUAGE_STANDARD = "gnu++0x";
				CLANG_CXX_LIBRARY = "libc++";
				CLANG_ENABLE_MODULES = YES;
				CLANG_ENABLE_OBJC_ARC = YES;
				CLANG_WARN_BOOL_CONVERSION = YES;
				CLANG_WARN_CONSTANT_CONVERSION = YES;
				CLANG_WARN_DIRECT_OBJC_ISA_USAGE = YES_ERROR;
				CLANG_WARN_DOCUMENTATION_COMMENTS = YES;
				CLANG_WARN_EMPTY_BODY = YES;
				CLANG_WARN_ENUM_CONVERSION = YES;
				CLANG_WARN_INFINITE_RECURSION = YES;
				CLANG_WARN_INT_CONVERSION = YES;
				CLANG_WARN_OBJC_ROOT_CLASS = YES_ERROR;
				CLANG_WARN_SUSPICIOUS_MOVE = YES;
				CLANG_WARN_UNREACHABLE_CODE = YES;
				CLANG_WARN__DUPLICATE_METHOD_MATCH = YES;
				"CODE_SIGN_IDENTITY[sdk=iphoneos*]" = "iPhone Developer";
				COPY_PHASE_STRIP = NO;
				DEBUG_INFORMATION_FORMAT = dwarf;
				ENABLE_STRICT_OBJC_MSGSEND = YES;
				ENABLE_TESTABILITY = YES;
				GCC_C_LANGUAGE_STANDARD = gnu99;
				GCC_DYNAMIC_NO_PIC = NO;
				GCC_NO_COMMON_BLOCKS = YES;
				GCC_OPTIMIZATION_LEVEL = 0;
				GCC_PREPROCESSOR_DEFINITIONS = (
					"DEBUG=1",
					"$(inherited)",
				);
				GCC_WARN_64_TO_32_BIT_CONVERSION = YES;
				GCC_WARN_ABOUT_RETURN_TYPE = YES_ERROR;
				GCC_WARN_UNDECLARED_SELECTOR = YES;
				GCC_WARN_UNINITIALIZED_AUTOS = YES_AGGRESSIVE;
				GCC_WARN_UNUSED_FUNCTION = YES;
				GCC_WARN_UNUSED_VARIABLE = YES;
				IPHONEOS_DEPLOYMENT_TARGET = 10.2;
				MTL_ENABLE_DEBUG_INFO = YES;
				ONLY_ACTIVE_ARCH = YES;
				SDKROOT = iphoneos;
				SWIFT_ACTIVE_COMPILATION_CONDITIONS = DEBUG;
				SWIFT_OPTIMIZATION_LEVEL = "-Onone";
				TARGETED_DEVICE_FAMILY = "1,2";
			};
			name = Debug;
		};
		ABF728601E70962F00212912 /* Release */ = {
			isa = XCBuildConfiguration;
			buildSettings = {
				ALWAYS_SEARCH_USER_PATHS = NO;
				CLANG_ANALYZER_NONNULL = YES;
				CLANG_CXX_LANGUAGE_STANDARD = "gnu++0x";
				CLANG_CXX_LIBRARY = "libc++";
				CLANG_ENABLE_MODULES = YES;
				CLANG_ENABLE_OBJC_ARC = YES;
				CLANG_WARN_BOOL_CONVERSION = YES;
				CLANG_WARN_CONSTANT_CONVERSION = YES;
				CLANG_WARN_DIRECT_OBJC_ISA_USAGE = YES_ERROR;
				CLANG_WARN_DOCUMENTATION_COMMENTS = YES;
				CLANG_WARN_EMPTY_BODY = YES;
				CLANG_WARN_ENUM_CONVERSION = YES;
				CLANG_WARN_INFINITE_RECURSION = YES;
				CLANG_WARN_INT_CONVERSION = YES;
				CLANG_WARN_OBJC_ROOT_CLASS = YES_ERROR;
				CLANG_WARN_SUSPICIOUS_MOVE = YES;
				CLANG_WARN_UNREACHABLE_CODE = YES;
				CLANG_WARN__DUPLICATE_METHOD_MATCH = YES;
				"CODE_SIGN_IDENTITY[sdk=iphoneos*]" = "iPhone Developer";
				COPY_PHASE_STRIP = NO;
				DEBUG_INFORMATION_FORMAT = "dwarf-with-dsym";
				ENABLE_NS_ASSERTIONS = NO;
				ENABLE_STRICT_OBJC_MSGSEND = YES;
				GCC_C_LANGUAGE_STANDARD = gnu99;
				GCC_NO_COMMON_BLOCKS = YES;
				GCC_WARN_64_TO_32_BIT_CONVERSION = YES;
				GCC_WARN_ABOUT_RETURN_TYPE = YES_ERROR;
				GCC_WARN_UNDECLARED_SELECTOR = YES;
				GCC_WARN_UNINITIALIZED_AUTOS = YES_AGGRESSIVE;
				GCC_WARN_UNUSED_FUNCTION = YES;
				GCC_WARN_UNUSED_VARIABLE = YES;
				IPHONEOS_DEPLOYMENT_TARGET = 10.2;
				MTL_ENABLE_DEBUG_INFO = NO;
				SDKROOT = iphoneos;
				SWIFT_OPTIMIZATION_LEVEL = "-Owholemodule";
				TARGETED_DEVICE_FAMILY = "1,2";
				VALIDATE_PRODUCT = YES;
			};
			name = Release;
		};
		ABF728621E70962F00212912 /* Debug */ = {
			isa = XCBuildConfiguration;
			buildSettings = {
				ASSETCATALOG_COMPILER_APPICON_NAME = AppIcon;
				DEVELOPMENT_TEAM = JVCXTUSEZC;
				INFOPLIST_FILE = GroceryWithFirebase/Info.plist;
				LD_RUNPATH_SEARCH_PATHS = "$(inherited) @executable_path/Frameworks";
				PRODUCT_BUNDLE_IDENTIFIER = edgar.GroceryWithFirebase;
				PRODUCT_NAME = "$(TARGET_NAME)";
				SWIFT_VERSION = 3.0;
			};
			name = Debug;
		};
		ABF728631E70962F00212912 /* Release */ = {
			isa = XCBuildConfiguration;
			buildSettings = {
				ASSETCATALOG_COMPILER_APPICON_NAME = AppIcon;
				DEVELOPMENT_TEAM = JVCXTUSEZC;
				INFOPLIST_FILE = GroceryWithFirebase/Info.plist;
				LD_RUNPATH_SEARCH_PATHS = "$(inherited) @executable_path/Frameworks";
				PRODUCT_BUNDLE_IDENTIFIER = edgar.GroceryWithFirebase;
				PRODUCT_NAME = "$(TARGET_NAME)";
				SWIFT_VERSION = 3.0;
			};
			name = Release;
		};
/* End XCBuildConfiguration section */

/* Begin XCConfigurationList section */
		ABF7284A1E70962F00212912 /* Build configuration list for PBXProject "GroceryWithFirebase" */ = {
			isa = XCConfigurationList;
			buildConfigurations = (
				ABF7285F1E70962F00212912 /* Debug */,
				ABF728601E70962F00212912 /* Release */,
			);
			defaultConfigurationIsVisible = 0;
			defaultConfigurationName = Release;
		};
		ABF728611E70962F00212912 /* Build configuration list for PBXNativeTarget "GroceryWithFirebase" */ = {
			isa = XCConfigurationList;
			buildConfigurations = (
				ABF728621E70962F00212912 /* Debug */,
				ABF728631E70962F00212912 /* Release */,
			);
			defaultConfigurationIsVisible = 0;
		};
/* End XCConfigurationList section */
	};
	rootObject = ABF728471E70962E00212912 /* Project object */;
}
